
Microsoft Visual Studio Solution File, Format Version 12.00
# Visual Studio 15
VisualStudioVersion = 15.0.28307.1684
MinimumVisualStudioVersion = 10.0.40219.1
Project("{159641D6-6404-4A2A-AE62-294DE0FE8301}") = "SSIS-eCommerce_DWH", "SSIS-eCommerce_DWH\SSIS-eCommerce_DWH.dtproj", "{B9C790AB-1895-46E7-9D31-017AF057BAC2}"
EndProject
Global
	GlobalSection(SolutionConfigurationPlatforms) = preSolution
		Development|Default = Development|Default
	EndGlobalSection
	GlobalSection(ProjectConfigurationPlatforms) = postSolution
		{B9C790AB-1895-46E7-9D31-017AF057BAC2}.Development|Default.ActiveCfg = Development
		{B9C790AB-1895-46E7-9D31-017AF057BAC2}.Development|Default.Build.0 = Development
	EndGlobalSection
	GlobalSection(SolutionProperties) = preSolution
		HideSolutionNode = FALSE
	EndGlobalSection
	GlobalSection(ExtensibilityGlobals) = postSolution
		SolutionGuid = {BC073660-20FE-40BE-A639-A2C96CE05940}
	EndGlobalSection
EndGlobal
